
Microsoft Visual Studio Solution File, Format Version 12.00
# Visual Studio Version 17
VisualStudioVersion = 17.4.33006.217
MinimumVisualStudioVersion = 10.0.40219.1
Project("{2150E333-8FDC-42A3-9474-1A3956D46DE8}") = "src", "src", "{1BB109F5-5C41-45AC-B7E1-75230574F2A8}"
EndProject
Project("{2150E333-8FDC-42A3-9474-1A3956D46DE8}") = "Services", "Services", "{554E50F0-1368-4D5C-A087-F612FB842037}"
EndProject
Project("{2150E333-8FDC-42A3-9474-1A3956D46DE8}") = "User", "User", "{42F455AD-318B-421D-8D6F-5B3B5024AA07}"
EndProject
Project("{9A19103F-16F7-4668-BE54-9A1E7A4F7556}") = "User.API", "Services\User\User.API\User.API.csproj", "{C36444D9-7786-4514-9D27-C11BFB5678A3}"
EndProject
Project("{9A19103F-16F7-4668-BE54-9A1E7A4F7556}") = "User.Domain", "Services\User\User.Domain\User.Domain.csproj", "{A04F0CDB-2FB6-4DF4-871C-3D4681E03BAE}"
EndProject
Project("{9A19103F-16F7-4668-BE54-9A1E7A4F7556}") = "User.Infrastructure", "Services\User\User.Infrastructure\User.Infrastructure.csproj", "{BA6700E7-948D-4FC2-86D7-2FA3FBA7A32E}"
EndProject
Project("{2150E333-8FDC-42A3-9474-1A3956D46DE8}") = "Jam", "Jam", "{857A4345-3E16-4CBB-8877-49B9DFBA1313}"
EndProject
Project("{9A19103F-16F7-4668-BE54-9A1E7A4F7556}") = "Jam.API", "Services\Jam\Jam.API\Jam.API.csproj", "{46D5CA76-E3F8-4E28-889F-4DCA7F3CF8DE}"
EndProject
Project("{9A19103F-16F7-4668-BE54-9A1E7A4F7556}") = "Jam.Domain", "Services\Jam\Jam.Domain\Jam.Domain.csproj", "{8A44954F-1373-4E10-A19D-0E6950AC3AB2}"
EndProject
Project("{9A19103F-16F7-4668-BE54-9A1E7A4F7556}") = "Jam.Infrastructure", "Services\Jam\Jam.Infrastructure\Jam.Infrastructure.csproj", "{4F3913C9-DC56-404A-BF22-2C92D5E4B2C6}"
EndProject
Project("{2150E333-8FDC-42A3-9474-1A3956D46DE8}") = "MessagesAndEvents", "MessagesAndEvents", "{C47B0158-0540-48EE-87E4-EF9F7CA6443E}"
EndProject
Project("{9A19103F-16F7-4668-BE54-9A1E7A4F7556}") = "MessagesAndEvents", "MessagesAndEvents\MessagesAndEvents\MessagesAndEvents.csproj", "{2C743B6F-D690-426E-B602-76756BD7D6CD}"
EndProject
Project("{2150E333-8FDC-42A3-9474-1A3956D46DE8}") = "Mail", "Mail", "{955FA679-05F0-4224-B8C0-0672E799D632}"
EndProject
Project("{9A19103F-16F7-4668-BE54-9A1E7A4F7556}") = "Mail.BackgroundTasks", "Services\Mail\Mail.BackgroundTasks\Mail.BackgroundTasks.csproj", "{7810A56D-3DF6-453F-90AF-B0A757F79156}"
EndProject
Project("{E53339B2-1760-4266-BCC7-CA923CBCF16C}") = "docker-compose", "docker-compose.dcproj", "{D1DB0E77-0BC3-4F31-BDAF-8B6A8E001E5E}"
EndProject
Project("{2150E333-8FDC-42A3-9474-1A3956D46DE8}") = "Tests", "Tests", "{4996AC74-5AEE-47F1-95BA-81C1DED33B0E}"
EndProject
Project("{FAE04EC0-301F-11D3-BF4B-00C04F79EFBC}") = "Jam.UnitTests", "Services\Jam\Jam.UnitTests\Jam.UnitTests\Jam.UnitTests.csproj", "{1DB8AED1-F0A9-40E3-A9A2-7208ECFD05BC}"
EndProject
Project("{2150E333-8FDC-42A3-9474-1A3956D46DE8}") = "Tests", "Tests", "{4E039185-6052-4BA1-8910-CFD6E90DFCE7}"
EndProject
Project("{FAE04EC0-301F-11D3-BF4B-00C04F79EFBC}") = "User.UnitTests", "Services\User\User.UnitTests\User.UnitTests.csproj", "{77BF4C1F-809F-4B3E-9B6F-57F17E9A4A1A}"
EndProject
Global
	GlobalSection(SolutionConfigurationPlatforms) = preSolution
		Debug|Any CPU = Debug|Any CPU
		Release|Any CPU = Release|Any CPU
	EndGlobalSection
	GlobalSection(ProjectConfigurationPlatforms) = postSolution
		{C36444D9-7786-4514-9D27-C11BFB5678A3}.Debug|Any CPU.ActiveCfg = Debug|Any CPU
		{C36444D9-7786-4514-9D27-C11BFB5678A3}.Debug|Any CPU.Build.0 = Debug|Any CPU
		{C36444D9-7786-4514-9D27-C11BFB5678A3}.Release|Any CPU.ActiveCfg = Release|Any CPU
		{C36444D9-7786-4514-9D27-C11BFB5678A3}.Release|Any CPU.Build.0 = Release|Any CPU
		{A04F0CDB-2FB6-4DF4-871C-3D4681E03BAE}.Debug|Any CPU.ActiveCfg = Debug|Any CPU
		{A04F0CDB-2FB6-4DF4-871C-3D4681E03BAE}.Debug|Any CPU.Build.0 = Debug|Any CPU
		{A04F0CDB-2FB6-4DF4-871C-3D4681E03BAE}.Release|Any CPU.ActiveCfg = Release|Any CPU
		{A04F0CDB-2FB6-4DF4-871C-3D4681E03BAE}.Release|Any CPU.Build.0 = Release|Any CPU
		{BA6700E7-948D-4FC2-86D7-2FA3FBA7A32E}.Debug|Any CPU.ActiveCfg = Debug|Any CPU
		{BA6700E7-948D-4FC2-86D7-2FA3FBA7A32E}.Debug|Any CPU.Build.0 = Debug|Any CPU
		{BA6700E7-948D-4FC2-86D7-2FA3FBA7A32E}.Release|Any CPU.ActiveCfg = Release|Any CPU
		{BA6700E7-948D-4FC2-86D7-2FA3FBA7A32E}.Release|Any CPU.Build.0 = Release|Any CPU
		{46D5CA76-E3F8-4E28-889F-4DCA7F3CF8DE}.Debug|Any CPU.ActiveCfg = Debug|Any CPU
		{46D5CA76-E3F8-4E28-889F-4DCA7F3CF8DE}.Debug|Any CPU.Build.0 = Debug|Any CPU
		{46D5CA76-E3F8-4E28-889F-4DCA7F3CF8DE}.Release|Any CPU.ActiveCfg = Release|Any CPU
		{46D5CA76-E3F8-4E28-889F-4DCA7F3CF8DE}.Release|Any CPU.Build.0 = Release|Any CPU
		{8A44954F-1373-4E10-A19D-0E6950AC3AB2}.Debug|Any CPU.ActiveCfg = Debug|Any CPU
		{8A44954F-1373-4E10-A19D-0E6950AC3AB2}.Debug|Any CPU.Build.0 = Debug|Any CPU
		{8A44954F-1373-4E10-A19D-0E6950AC3AB2}.Release|Any CPU.ActiveCfg = Release|Any CPU
		{8A44954F-1373-4E10-A19D-0E6950AC3AB2}.Release|Any CPU.Build.0 = Release|Any CPU
		{4F3913C9-DC56-404A-BF22-2C92D5E4B2C6}.Debug|Any CPU.ActiveCfg = Debug|Any CPU
		{4F3913C9-DC56-404A-BF22-2C92D5E4B2C6}.Debug|Any CPU.Build.0 = Debug|Any CPU
		{4F3913C9-DC56-404A-BF22-2C92D5E4B2C6}.Release|Any CPU.ActiveCfg = Release|Any CPU
		{4F3913C9-DC56-404A-BF22-2C92D5E4B2C6}.Release|Any CPU.Build.0 = Release|Any CPU
		{2C743B6F-D690-426E-B602-76756BD7D6CD}.Debug|Any CPU.ActiveCfg = Debug|Any CPU
		{2C743B6F-D690-426E-B602-76756BD7D6CD}.Debug|Any CPU.Build.0 = Debug|Any CPU
		{2C743B6F-D690-426E-B602-76756BD7D6CD}.Release|Any CPU.ActiveCfg = Release|Any CPU
		{2C743B6F-D690-426E-B602-76756BD7D6CD}.Release|Any CPU.Build.0 = Release|Any CPU
		{7810A56D-3DF6-453F-90AF-B0A757F79156}.Debug|Any CPU.ActiveCfg = Debug|Any CPU
		{7810A56D-3DF6-453F-90AF-B0A757F79156}.Debug|Any CPU.Build.0 = Debug|Any CPU
		{7810A56D-3DF6-453F-90AF-B0A757F79156}.Release|Any CPU.ActiveCfg = Release|Any CPU
		{7810A56D-3DF6-453F-90AF-B0A757F79156}.Release|Any CPU.Build.0 = Release|Any CPU
		{D1DB0E77-0BC3-4F31-BDAF-8B6A8E001E5E}.Debug|Any CPU.ActiveCfg = Debug|Any CPU
		{D1DB0E77-0BC3-4F31-BDAF-8B6A8E001E5E}.Debug|Any CPU.Build.0 = Debug|Any CPU
		{D1DB0E77-0BC3-4F31-BDAF-8B6A8E001E5E}.Release|Any CPU.ActiveCfg = Release|Any CPU
		{D1DB0E77-0BC3-4F31-BDAF-8B6A8E001E5E}.Release|Any CPU.Build.0 = Release|Any CPU
		{1DB8AED1-F0A9-40E3-A9A2-7208ECFD05BC}.Debug|Any CPU.ActiveCfg = Debug|Any CPU
		{1DB8AED1-F0A9-40E3-A9A2-7208ECFD05BC}.Debug|Any CPU.Build.0 = Debug|Any CPU
		{1DB8AED1-F0A9-40E3-A9A2-7208ECFD05BC}.Release|Any CPU.ActiveCfg = Release|Any CPU
		{1DB8AED1-F0A9-40E3-A9A2-7208ECFD05BC}.Release|Any CPU.Build.0 = Release|Any CPU
		{77BF4C1F-809F-4B3E-9B6F-57F17E9A4A1A}.Debug|Any CPU.ActiveCfg = Debug|Any CPU
		{77BF4C1F-809F-4B3E-9B6F-57F17E9A4A1A}.Debug|Any CPU.Build.0 = Debug|Any CPU
		{77BF4C1F-809F-4B3E-9B6F-57F17E9A4A1A}.Release|Any CPU.ActiveCfg = Release|Any CPU
		{77BF4C1F-809F-4B3E-9B6F-57F17E9A4A1A}.Release|Any CPU.Build.0 = Release|Any CPU
	EndGlobalSection
	GlobalSection(SolutionProperties) = preSolution
		HideSolutionNode = FALSE
	EndGlobalSection
	GlobalSection(NestedProjects) = preSolution
		{554E50F0-1368-4D5C-A087-F612FB842037} = {1BB109F5-5C41-45AC-B7E1-75230574F2A8}
		{42F455AD-318B-421D-8D6F-5B3B5024AA07} = {554E50F0-1368-4D5C-A087-F612FB842037}
		{C36444D9-7786-4514-9D27-C11BFB5678A3} = {42F455AD-318B-421D-8D6F-5B3B5024AA07}
		{A04F0CDB-2FB6-4DF4-871C-3D4681E03BAE} = {42F455AD-318B-421D-8D6F-5B3B5024AA07}
		{BA6700E7-948D-4FC2-86D7-2FA3FBA7A32E} = {42F455AD-318B-421D-8D6F-5B3B5024AA07}
		{857A4345-3E16-4CBB-8877-49B9DFBA1313} = {554E50F0-1368-4D5C-A087-F612FB842037}
		{46D5CA76-E3F8-4E28-889F-4DCA7F3CF8DE} = {857A4345-3E16-4CBB-8877-49B9DFBA1313}
		{8A44954F-1373-4E10-A19D-0E6950AC3AB2} = {857A4345-3E16-4CBB-8877-49B9DFBA1313}
		{4F3913C9-DC56-404A-BF22-2C92D5E4B2C6} = {857A4345-3E16-4CBB-8877-49B9DFBA1313}
		{C47B0158-0540-48EE-87E4-EF9F7CA6443E} = {1BB109F5-5C41-45AC-B7E1-75230574F2A8}
		{2C743B6F-D690-426E-B602-76756BD7D6CD} = {C47B0158-0540-48EE-87E4-EF9F7CA6443E}
		{955FA679-05F0-4224-B8C0-0672E799D632} = {554E50F0-1368-4D5C-A087-F612FB842037}
		{7810A56D-3DF6-453F-90AF-B0A757F79156} = {955FA679-05F0-4224-B8C0-0672E799D632}
		{4996AC74-5AEE-47F1-95BA-81C1DED33B0E} = {857A4345-3E16-4CBB-8877-49B9DFBA1313}
		{1DB8AED1-F0A9-40E3-A9A2-7208ECFD05BC} = {4996AC74-5AEE-47F1-95BA-81C1DED33B0E}
		{4E039185-6052-4BA1-8910-CFD6E90DFCE7} = {42F455AD-318B-421D-8D6F-5B3B5024AA07}
		{77BF4C1F-809F-4B3E-9B6F-57F17E9A4A1A} = {4E039185-6052-4BA1-8910-CFD6E90DFCE7}
	EndGlobalSection
	GlobalSection(ExtensibilityGlobals) = postSolution
		SolutionGuid = {093423AE-3917-4F30-BA0F-734CA7813121}
	EndGlobalSection
EndGlobal
